PODS:
  - AppsFlyerFramework (6.2.6):
    - AppsFlyerFramework/Main (= 6.2.6)
  - AppsFlyerFramework/Main (6.2.6)
  - XYAppsFlyerKit (1.0.0):
    - AppsFlyerFramework (~> 6.2.2)
    - XYCategory
  - XYCategory (1.2.0)

DEPENDENCIES:
  - XYAppsFlyerKit (from `../`)

SPEC REPOS:
  "git@gitlab.quvideo.com:Pods/Specs.git":
    - XYCategory
  trunk:
    - AppsFlyerFramework

EXTERNAL SOURCES:
  XYAppsFlyerKit:
    :path: "../"

SPEC CHECKSUMS:
  AppsFlyerFramework: 1ac92ce51999e77806b0ecf6ff7b72af8ee8bea4
  XYAppsFlyerKit: ab1467fe44edb2acf6e5902057aa43fb7affaf97
  XYCategory: 467fd357d5a96d93ff7a29781f9d2bb0f0c9afa8

PODFILE CHECKSUM: de5c78f9408578db4aeab36d8d6fe0df2a3ceb32

COCOAPODS: 1.10.1
